
Microsoft Visual Studio Solution File, Format Version 12.00
# Visual Studio Version 17
VisualStudioVersion = 17.13.35825.156 d17.13
MinimumVisualStudioVersion = 10.0.40219.1
Project("{FAE04EC0-301F-11D3-BF4B-00C04F79EFBC}") = "BubbaBlox", "BubbaBlox\BubbaBlox.csproj", "{D2B831B1-C9FF-4432-8D60-A3DECE0A3A7F}"
EndProject
Global
	GlobalSection(SolutionConfigurationPlatforms) = preSolution
		Debug|Any CPU = Debug|Any CPU
		Release|Any CPU = Release|Any CPU
	EndGlobalSection
	GlobalSection(ProjectConfigurationPlatforms) = postSolution
		{D2B831B1-C9FF-4432-8D60-A3DECE0A3A7F}.Debug|Any CPU.ActiveCfg = Debug|Any CPU
		{D2B831B1-C9FF-4432-8D60-A3DECE0A3A7F}.Debug|Any CPU.Build.0 = Debug|Any CPU
		{D2B831B1-C9FF-4432-8D60-A3DECE0A3A7F}.Release|Any CPU.ActiveCfg = Release|Any CPU
		{D2B831B1-C9FF-4432-8D60-A3DECE0A3A7F}.Release|Any CPU.Build.0 = Release|Any CPU
	EndGlobalSection
	GlobalSection(SolutionProperties) = preSolution
		HideSolutionNode = FALSE
	EndGlobalSection
	GlobalSection(ExtensibilityGlobals) = postSolution
		SolutionGuid = {98C501D0-EF9D-438C-B4B4-62A7FA187620}
	EndGlobalSection
EndGlobal
